{
  "name": "moonbrain",
  "version": "0.0.1",
  "lockfileVersion": 2,
  "requires": true,
  "packages": {
    "": {
      "name": "moonbrain",
      "version": "0.0.1",
      "license": "MIT",
      "dependencies": {
        "orga": "^3.2.1",
        "to-vfile": "^6.1.0",
        "unified": "^9.2.2",
        "uniorg-parse": "^0.4.5",
        "vfile": "^4.2.1"
      }
    },
    "node_modules/@types/unist": {
      "version": "2.0.6",
      "resolved": "https://registry.npmjs.org/@types/unist/-/unist-2.0.6.tgz",
      "integrity": "sha512-PBjIUxZHOuj0R15/xuwJYjFi+KZdNFrehocChv4g5hu6aFroHue8m0lBP0POdK2nKzbw0cgV1mws8+V/JAcEkQ==",
      "license": "MIT"
    },
    "node_modules/bail": {
      "version": "1.0.5",
      "resolved": "https://registry.npmjs.org/bail/-/bail-1.0.5.tgz",
      "integrity": "sha512-xFbRxM1tahm08yHBP16MMjVUAvDaBMD38zsM9EMAUN61omwLmKlOpB/Zku5QkjZ8TZ4vn53pj+t518cH0S03RQ==",
      "funding": {
        "type": "github",
        "url": "https://github.com/sponsors/wooorm"
      }
    },
    "node_modules/date-fns": {
      "version": "2.28.0",
      "resolved": "https://registry.npmjs.org/date-fns/-/date-fns-2.28.0.tgz",
      "integrity": "sha512-8d35hViGYx/QH0icHYCeLmsLmMUheMmTyV9Fcm6gvNwdw31yXXH+O85sOBJ+OLnLQMKZowvpKb6FgMIQjcpvQw==",
      "license": "MIT",
      "engines": {
        "node": ">=0.11"
      },
      "funding": {
        "type": "opencollective",
        "url": "https://opencollective.com/date-fns"
      }
    },
    "node_modules/date-fns-tz": {
      "version": "1.2.2",
      "resolved": "https://registry.npmjs.org/date-fns-tz/-/date-fns-tz-1.2.2.tgz",
      "integrity": "sha512-vWtn44eEqnLbkACb7T5G5gPgKR4nY8NkNMOCyoY49NsRGHrcDmY2aysCyzDeA+u+vcDBn/w6nQqEDyouRs4m8w==",
      "license": "MIT",
      "peerDependencies": {
        "date-fns": ">=2.0.0"
      }
    },
    "node_modules/extend": {
      "version": "3.0.2",
      "resolved": "https://registry.npmjs.org/extend/-/extend-3.0.2.tgz",
      "integrity": "sha512-fjquC59cD7CyW6urNXK0FBufkZcoiGG80wTuPujX590cB5Ttln20E2UB4S/WARVqhXffZl2LNgS+gQdPIIim/g=="
    },
    "node_modules/is-buffer": {
      "version": "2.0.5",
      "resolved": "https://registry.npmjs.org/is-buffer/-/is-buffer-2.0.5.tgz",
      "integrity": "sha512-i2R6zNFDwgEHJyQUtJEk0XFi1i0dPFn/oqjK3/vPCcDeJvW5NQ83V8QbicfF1SupOaB0h8ntgBC2YiE7dfyctQ==",
      "funding": [
        {
          "type": "github",
          "url": "https://github.com/sponsors/feross"
        },
        {
          "type": "patreon",
          "url": "https://www.patreon.com/feross"
        },
        {
          "type": "consulting",
          "url": "https://feross.org/support"
        }
      ],
      "license": "MIT",
      "engines": {
        "node": ">=4"
      }
    },
    "node_modules/is-plain-obj": {
      "version": "2.1.0",
      "resolved": "https://registry.npmjs.org/is-plain-obj/-/is-plain-obj-2.1.0.tgz",
      "integrity": "sha512-YWnfyRwxL/+SsrWYfOpUtz5b3YD+nyfkHvjbcanzk8zgyO4ASD67uVMRt8k5bM4lLMDnXfriRhOpemw+NfT1eA==",
      "engines": {
        "node": ">=8"
      }
    },
    "node_modules/orga": {
      "version": "3.2.1",
      "resolved": "https://registry.npmjs.org/orga/-/orga-3.2.1.tgz",
      "integrity": "sha512-809KOqdbdd51ages4Ro/u0gQjcx22bHJ7KBdx0oE2eZUM7gxqxtUon4R5N6AM5/XMXNI6HKM+wM84MfGPRlwpg==",
      "license": "MIT",
      "dependencies": {
        "date-fns": "^2.22.1",
        "date-fns-tz": "^1.1.4",
        "text-kit": "3.0.2"
      }
    },
    "node_modules/text-kit": {
      "version": "3.0.2",
      "resolved": "https://registry.npmjs.org/text-kit/-/text-kit-3.0.2.tgz",
      "integrity": "sha512-AmYnfQzORqJi61fxzTZWpIFU/sy1/mPCddy9A8VC/gdqOT3I3y49XeWnHhCLxAIPTNCT4gL0/kb+Gdf6XOa92g==",
      "license": "MIT"
    },
    "node_modules/to-vfile": {
      "version": "6.1.0",
      "resolved": "https://registry.npmjs.org/to-vfile/-/to-vfile-6.1.0.tgz",
      "integrity": "sha512-BxX8EkCxOAZe+D/ToHdDsJcVI4HqQfmw0tCkp31zf3dNP/XWIAjU4CmeuSwsSoOzOTqHPOL0KUzyZqJplkD0Qw==",
      "dependencies": {
        "is-buffer": "^2.0.0",
        "vfile": "^4.0.0"
      },
      "funding": {
        "type": "opencollective",
        "url": "https://opencollective.com/unified"
      }
    },
    "node_modules/trough": {
      "version": "1.0.5",
      "resolved": "https://registry.npmjs.org/trough/-/trough-1.0.5.tgz",
      "integrity": "sha512-rvuRbTarPXmMb79SmzEp8aqXNKcK+y0XaB298IXueQ8I2PsrATcPBCSPyK/dDNa2iWOhKlfNnOjdAOTBU/nkFA==",
      "funding": {
        "type": "github",
        "url": "https://github.com/sponsors/wooorm"
      }
    },
    "node_modules/unified": {
      "version": "9.2.2",
      "resolved": "https://registry.npmjs.org/unified/-/unified-9.2.2.tgz",
      "integrity": "sha512-Sg7j110mtefBD+qunSLO1lqOEKdrwBFBrR6Qd8f4uwkhWNlbkaqwHse6e7QvD3AP/MNoJdEDLaf8OxYyoWgorQ==",
      "dependencies": {
        "bail": "^1.0.0",
        "extend": "^3.0.0",
        "is-buffer": "^2.0.0",
        "is-plain-obj": "^2.0.0",
        "trough": "^1.0.0",
        "vfile": "^4.0.0"
      },
      "funding": {
        "type": "opencollective",
        "url": "https://opencollective.com/unified"
      }
    },
    "node_modules/uniorg-parse": {
      "version": "0.4.5",
      "resolved": "https://registry.npmjs.org/uniorg-parse/-/uniorg-parse-0.4.5.tgz",
      "integrity": "sha512-fh4xnejQVmTKISgECG7MkQKo8k7alsAXRK8EK781d9QhTRXNgq10eM9GXIn/sqzJ9udqYf2FeLJ/TsV44fPZbQ==",
      "license": "GPL-3.0-or-later",
      "dependencies": {
        "unist-builder": "^2.0.3",
        "vfile": "^4.2.1",
        "vfile-location": "^3.2.0"
      }
    },
    "node_modules/unist-builder": {
      "version": "2.0.3",
      "resolved": "https://registry.npmjs.org/unist-builder/-/unist-builder-2.0.3.tgz",
      "integrity": "sha512-f98yt5pnlMWlzP539tPc4grGMsFaQQlP/vM396b00jngsiINumNmsY8rkXjfoi1c6QaM8nQ3vaGDuoKWbe/1Uw==",
      "license": "MIT",
      "funding": {
        "type": "opencollective",
        "url": "https://opencollective.com/unified"
      }
    },
    "node_modules/unist-util-stringify-position": {
      "version": "2.0.3",
      "resolved": "https://registry.npmjs.org/unist-util-stringify-position/-/unist-util-stringify-position-2.0.3.tgz",
      "integrity": "sha512-3faScn5I+hy9VleOq/qNbAd6pAx7iH5jYBMS9I1HgQVijz/4mv5Bvw5iw1sC/90CODiKo81G/ps8AJrISn687g==",
      "license": "MIT",
      "dependencies": {
        "@types/unist": "^2.0.2"
      },
      "funding": {
        "type": "opencollective",
        "url": "https://opencollective.com/unified"
      }
    },
    "node_modules/vfile": {
      "version": "4.2.1",
      "resolved": "https://registry.npmjs.org/vfile/-/vfile-4.2.1.tgz",
      "integrity": "sha512-O6AE4OskCG5S1emQ/4gl8zK586RqA3srz3nfK/Viy0UPToBc5Trp9BVFb1u0CjsKrAWwnpr4ifM/KBXPWwJbCA==",
      "dependencies": {
        "@types/unist": "^2.0.0",
        "is-buffer": "^2.0.0",
        "unist-util-stringify-position": "^2.0.0",
        "vfile-message": "^2.0.0"
      },
      "funding": {
        "type": "opencollective",
        "url": "https://opencollective.com/unified"
      }
    },
    "node_modules/vfile-location": {
      "version": "3.2.0",
      "resolved": "https://registry.npmjs.org/vfile-location/-/vfile-location-3.2.0.tgz",
      "integrity": "sha512-aLEIZKv/oxuCDZ8lkJGhuhztf/BW4M+iHdCwglA/eWc+vtuRFJj8EtgceYFX4LRjOhCAAiNHsKGssC6onJ+jbA==",
      "license": "MIT",
      "funding": {
        "type": "opencollective",
        "url": "https://opencollective.com/unified"
      }
    },
    "node_modules/vfile-message": {
      "version": "2.0.4",
      "resolved": "https://registry.npmjs.org/vfile-message/-/vfile-message-2.0.4.tgz",
      "integrity": "sha512-DjssxRGkMvifUOJre00juHoP9DPWuzjxKuMDrhNbk2TdaYYBNMStsNhEOt3idrtI12VQYM/1+iM0KOzXi4pxwQ==",
      "license": "MIT",
      "dependencies": {
        "@types/unist": "^2.0.0",
        "unist-util-stringify-position": "^2.0.0"
      },
      "funding": {
        "type": "opencollective",
        "url": "https://opencollective.com/unified"
      }
    }
  },
  "dependencies": {
    "@types/unist": {
      "version": "2.0.6",
      "resolved": "https://registry.npmjs.org/@types/unist/-/unist-2.0.6.tgz",
      "integrity": "sha512-PBjIUxZHOuj0R15/xuwJYjFi+KZdNFrehocChv4g5hu6aFroHue8m0lBP0POdK2nKzbw0cgV1mws8+V/JAcEkQ=="
    },
    "bail": {
      "version": "1.0.5",
      "resolved": "https://registry.npmjs.org/bail/-/bail-1.0.5.tgz",
      "integrity": "sha512-xFbRxM1tahm08yHBP16MMjVUAvDaBMD38zsM9EMAUN61omwLmKlOpB/Zku5QkjZ8TZ4vn53pj+t518cH0S03RQ=="
    },
    "date-fns": {
      "version": "2.28.0",
      "resolved": "https://registry.npmjs.org/date-fns/-/date-fns-2.28.0.tgz",
      "integrity": "sha512-8d35hViGYx/QH0icHYCeLmsLmMUheMmTyV9Fcm6gvNwdw31yXXH+O85sOBJ+OLnLQMKZowvpKb6FgMIQjcpvQw=="
    },
    "date-fns-tz": {
      "version": "1.2.2",
      "resolved": "https://registry.npmjs.org/date-fns-tz/-/date-fns-tz-1.2.2.tgz",
      "integrity": "sha512-vWtn44eEqnLbkACb7T5G5gPgKR4nY8NkNMOCyoY49NsRGHrcDmY2aysCyzDeA+u+vcDBn/w6nQqEDyouRs4m8w==",
      "requires": {}
    },
    "extend": {
      "version": "3.0.2",
      "resolved": "https://registry.npmjs.org/extend/-/extend-3.0.2.tgz",
      "integrity": "sha512-fjquC59cD7CyW6urNXK0FBufkZcoiGG80wTuPujX590cB5Ttln20E2UB4S/WARVqhXffZl2LNgS+gQdPIIim/g=="
    },
    "is-buffer": {
      "version": "2.0.5",
      "resolved": "https://registry.npmjs.org/is-buffer/-/is-buffer-2.0.5.tgz",
      "integrity": "sha512-i2R6zNFDwgEHJyQUtJEk0XFi1i0dPFn/oqjK3/vPCcDeJvW5NQ83V8QbicfF1SupOaB0h8ntgBC2YiE7dfyctQ=="
    },
    "is-plain-obj": {
      "version": "2.1.0",
      "resolved": "https://registry.npmjs.org/is-plain-obj/-/is-plain-obj-2.1.0.tgz",
      "integrity": "sha512-YWnfyRwxL/+SsrWYfOpUtz5b3YD+nyfkHvjbcanzk8zgyO4ASD67uVMRt8k5bM4lLMDnXfriRhOpemw+NfT1eA=="
    },
    "orga": {
      "version": "3.2.1",
      "resolved": "https://registry.npmjs.org/orga/-/orga-3.2.1.tgz",
      "integrity": "sha512-809KOqdbdd51ages4Ro/u0gQjcx22bHJ7KBdx0oE2eZUM7gxqxtUon4R5N6AM5/XMXNI6HKM+wM84MfGPRlwpg==",
      "requires": {
        "date-fns": "^2.22.1",
        "date-fns-tz": "^1.1.4",
        "text-kit": "3.0.2"
      }
    },
    "text-kit": {
      "version": "3.0.2",
      "resolved": "https://registry.npmjs.org/text-kit/-/text-kit-3.0.2.tgz",
      "integrity": "sha512-AmYnfQzORqJi61fxzTZWpIFU/sy1/mPCddy9A8VC/gdqOT3I3y49XeWnHhCLxAIPTNCT4gL0/kb+Gdf6XOa92g=="
    },
    "to-vfile": {
      "version": "6.1.0",
      "resolved": "https://registry.npmjs.org/to-vfile/-/to-vfile-6.1.0.tgz",
      "integrity": "sha512-BxX8EkCxOAZe+D/ToHdDsJcVI4HqQfmw0tCkp31zf3dNP/XWIAjU4CmeuSwsSoOzOTqHPOL0KUzyZqJplkD0Qw==",
      "requires": {
        "is-buffer": "^2.0.0",
        "vfile": "^4.0.0"
      }
    },
    "trough": {
      "version": "1.0.5",
      "resolved": "https://registry.npmjs.org/trough/-/trough-1.0.5.tgz",
      "integrity": "sha512-rvuRbTarPXmMb79SmzEp8aqXNKcK+y0XaB298IXueQ8I2PsrATcPBCSPyK/dDNa2iWOhKlfNnOjdAOTBU/nkFA=="
    },
    "unified": {
      "version": "9.2.2",
      "resolved": "https://registry.npmjs.org/unified/-/unified-9.2.2.tgz",
      "integrity": "sha512-Sg7j110mtefBD+qunSLO1lqOEKdrwBFBrR6Qd8f4uwkhWNlbkaqwHse6e7QvD3AP/MNoJdEDLaf8OxYyoWgorQ==",
      "requires": {
        "bail": "^1.0.0",
        "extend": "^3.0.0",
        "is-buffer": "^2.0.0",
        "is-plain-obj": "^2.0.0",
        "trough": "^1.0.0",
        "vfile": "^4.0.0"
      }
    },
    "uniorg-parse": {
      "version": "0.4.5",
      "resolved": "https://registry.npmjs.org/uniorg-parse/-/uniorg-parse-0.4.5.tgz",
      "integrity": "sha512-fh4xnejQVmTKISgECG7MkQKo8k7alsAXRK8EK781d9QhTRXNgq10eM9GXIn/sqzJ9udqYf2FeLJ/TsV44fPZbQ==",
      "requires": {
        "unist-builder": "^2.0.3",
        "vfile": "^4.2.1",
        "vfile-location": "^3.2.0"
      }
    },
    "unist-builder": {
      "version": "2.0.3",
      "resolved": "https://registry.npmjs.org/unist-builder/-/unist-builder-2.0.3.tgz",
      "integrity": "sha512-f98yt5pnlMWlzP539tPc4grGMsFaQQlP/vM396b00jngsiINumNmsY8rkXjfoi1c6QaM8nQ3vaGDuoKWbe/1Uw=="
    },
    "unist-util-stringify-position": {
      "version": "2.0.3",
      "resolved": "https://registry.npmjs.org/unist-util-stringify-position/-/unist-util-stringify-position-2.0.3.tgz",
      "integrity": "sha512-3faScn5I+hy9VleOq/qNbAd6pAx7iH5jYBMS9I1HgQVijz/4mv5Bvw5iw1sC/90CODiKo81G/ps8AJrISn687g==",
      "requires": {
        "@types/unist": "^2.0.2"
      }
    },
    "vfile": {
      "version": "4.2.1",
      "resolved": "https://registry.npmjs.org/vfile/-/vfile-4.2.1.tgz",
      "integrity": "sha512-O6AE4OskCG5S1emQ/4gl8zK586RqA3srz3nfK/Viy0UPToBc5Trp9BVFb1u0CjsKrAWwnpr4ifM/KBXPWwJbCA==",
      "requires": {
        "@types/unist": "^2.0.0",
        "is-buffer": "^2.0.0",
        "unist-util-stringify-position": "^2.0.0",
        "vfile-message": "^2.0.0"
      }
    },
    "vfile-location": {
      "version": "3.2.0",
      "resolved": "https://registry.npmjs.org/vfile-location/-/vfile-location-3.2.0.tgz",
      "integrity": "sha512-aLEIZKv/oxuCDZ8lkJGhuhztf/BW4M+iHdCwglA/eWc+vtuRFJj8EtgceYFX4LRjOhCAAiNHsKGssC6onJ+jbA=="
    },
    "vfile-message": {
      "version": "2.0.4",
      "resolved": "https://registry.npmjs.org/vfile-message/-/vfile-message-2.0.4.tgz",
      "integrity": "sha512-DjssxRGkMvifUOJre00juHoP9DPWuzjxKuMDrhNbk2TdaYYBNMStsNhEOt3idrtI12VQYM/1+iM0KOzXi4pxwQ==",
      "requires": {
        "@types/unist": "^2.0.0",
        "unist-util-stringify-position": "^2.0.0"
      }
    }
  }
}
