lockfileVersion: 5.3

specifiers:
  '@types/node': 17.0.17
  orga: 3.2.1
  prettier: 2.5.1
  rehype-stringify: 9.0.3
  to-vfile: 6.1.0
  ts-node: 10.5.0
  typescript: 4.5.5
  unified: 9.2.2
  uniorg: ^0.4.0
  uniorg-extract-keywords: 0.4.5
  uniorg-parse: 0.4.5
  uniorg-rehype: 0.4.8
  vfile: 5.3.0

dependencies:
  orga: 3.2.1
  rehype-stringify: 9.0.3
  to-vfile: 6.1.0
  unified: 9.2.2
  uniorg: 0.4.0
  uniorg-extract-keywords: 0.4.5
  uniorg-parse: 0.4.5
  uniorg-rehype: 0.4.8
  vfile: 5.3.0

devDependencies:
  '@types/node': 17.0.17
  prettier: 2.5.1
  ts-node: 10.5.0_241ff727c41c38f37d2c0695b583de34
  typescript: 4.5.5

packages:

  /@cspotcode/source-map-consumer/0.8.0:
    resolution: {integrity: sha512-41qniHzTU8yAGbCp04ohlmSrZf8bkf/iJsl3V0dRGsQN/5GFfx+LbCSsCpp2gqrqjTVg/K6O8ycoV35JIwAzAg==}
    engines: {node: '>= 12'}
    dev: true

  /@cspotcode/source-map-support/0.7.0:
    resolution: {integrity: sha512-X4xqRHqN8ACt2aHVe51OxeA2HjbcL4MqFqXkrmQszJ1NOUuUu5u6Vqx/0lZSVNku7velL5FC/s5uEAj1lsBMhA==}
    engines: {node: '>=12'}
    dependencies:
      '@cspotcode/source-map-consumer': 0.8.0
    dev: true

  /@tsconfig/node10/1.0.8:
    resolution: {integrity: sha512-6XFfSQmMgq0CFLY1MslA/CPUfhIL919M1rMsa5lP2P097N2Wd1sSX0tx1u4olM16fLNhtHZpRhedZJphNJqmZg==}
    dev: true

  /@tsconfig/node12/1.0.9:
    resolution: {integrity: sha512-/yBMcem+fbvhSREH+s14YJi18sp7J9jpuhYByADT2rypfajMZZN4WQ6zBGgBKp53NKmqI36wFYDb3yaMPurITw==}
    dev: true

  /@tsconfig/node14/1.0.1:
    resolution: {integrity: sha512-509r2+yARFfHHE7T6Puu2jjkoycftovhXRqW328PDXTVGKihlb1P8Z9mMZH04ebyajfRY7dedfGynlrFHJUQCg==}
    dev: true

  /@tsconfig/node16/1.0.2:
    resolution: {integrity: sha512-eZxlbI8GZscaGS7kkc/trHTT5xgrjH3/1n2JDwusC9iahPKWMRvRjJSAN5mCXviuTGQ/lHnhvv8Q1YTpnfz9gA==}
    dev: true

  /@types/hast/2.3.4:
    resolution: {integrity: sha512-wLEm0QvaoawEDoTRwzTXp4b4jpwiJDvR5KMnFnVodm3scufTlBOWRD6N1OBf9TZMhjlNsSfcO5V+7AF4+Vy+9g==}
    dependencies:
      '@types/unist': 2.0.6
    dev: false

  /@types/node/17.0.17:
    resolution: {integrity: sha512-e8PUNQy1HgJGV3iU/Bp2+D/DXh3PYeyli8LgIwsQcs1Ar1LoaWHSIT6Rw+H2rNJmiq6SNWiDytfx8+gYj7wDHw==}
    dev: true

  /@types/unist/2.0.6:
    resolution: {integrity: sha512-PBjIUxZHOuj0R15/xuwJYjFi+KZdNFrehocChv4g5hu6aFroHue8m0lBP0POdK2nKzbw0cgV1mws8+V/JAcEkQ==}
    dev: false

  /acorn-walk/8.2.0:
    resolution: {integrity: sha512-k+iyHEuPgSw6SbuDpGQM+06HQUa04DZ3o+F6CSzXMvvI5KMvnaEqXe+YVe555R9nn6GPt404fos4wcgpw12SDA==}
    engines: {node: '>=0.4.0'}
    dev: true

  /acorn/8.7.0:
    resolution: {integrity: sha512-V/LGr1APy+PXIwKebEWrkZPwoeoF+w1jiOBUmuxuiUIaOHtob8Qc9BTrYo7VuI5fR8tqsy+buA2WFooR5olqvQ==}
    engines: {node: '>=0.4.0'}
    hasBin: true
    dev: true

  /arg/4.1.3:
    resolution: {integrity: sha512-58S9QDqG0Xx27YwPSt9fJxivjYl432YCwfDMfZ+71RAqUrZef7LrKQZ3LHLOwCS4FLNBplP533Zx895SeOCHvA==}
    dev: true

  /bail/1.0.5:
    resolution: {integrity: sha512-xFbRxM1tahm08yHBP16MMjVUAvDaBMD38zsM9EMAUN61omwLmKlOpB/Zku5QkjZ8TZ4vn53pj+t518cH0S03RQ==}
    dev: false

  /bail/2.0.2:
    resolution: {integrity: sha512-0xO6mYd7JB2YesxDKplafRpsiOzPt9V02ddPCLbY1xYGPOX24NTyN50qnUxgCPcSoYMhKpAuBTjQoRZCAkUDRw==}
    dev: false

  /ccount/2.0.1:
    resolution: {integrity: sha512-eyrF0jiFpY+3drT6383f1qhkbGsLSifNAjA61IUjZjmLCWjItY6LB9ft9YhoDgwfmclB2zhu51Lc7+95b8NRAg==}
    dev: false

  /character-entities-html4/2.1.0:
    resolution: {integrity: sha512-1v7fgQRj6hnSwFpq1Eu0ynr/CDEw0rXo2B61qXrLNdHZmPKgb7fqS1a2JwF0rISo9q77jDI8VMEHoApn8qDoZA==}
    dev: false

  /character-entities-legacy/3.0.0:
    resolution: {integrity: sha512-RpPp0asT/6ufRm//AJVwpViZbGM/MkjQFxJccQRHmISF/22NBtsHqAWmL+/pmkPWoIUJdWyeVleTl1wydHATVQ==}
    dev: false

  /comma-separated-tokens/1.0.8:
    resolution: {integrity: sha512-GHuDRO12Sypu2cV70d1dkA2EUmXHgntrzbpvOB+Qy+49ypNfGgFQIC2fhhXbnyrJRynDCAARsT7Ou0M6hirpfw==}
    dev: false

  /comma-separated-tokens/2.0.2:
    resolution: {integrity: sha512-G5yTt3KQN4Yn7Yk4ed73hlZ1evrFKXeUW3086p3PRFNp7m2vIjI6Pg+Kgb+oyzhd9F2qdcoj67+y3SdxL5XWsg==}
    dev: false

  /create-require/1.1.1:
    resolution: {integrity: sha512-dcKFX3jn0MpIaXjisoRvexIJVEKzaq7z2rZKxf+MSr9TkdmHmsU4m2lcLojrj/FHl8mk5VxMmYA+ftRkP/3oKQ==}
    dev: true

  /date-fns-tz/1.2.2_date-fns@2.28.0:
    resolution: {integrity: sha512-vWtn44eEqnLbkACb7T5G5gPgKR4nY8NkNMOCyoY49NsRGHrcDmY2aysCyzDeA+u+vcDBn/w6nQqEDyouRs4m8w==}
    peerDependencies:
      date-fns: '>=2.0.0'
    dependencies:
      date-fns: 2.28.0
    dev: false

  /date-fns/2.28.0:
    resolution: {integrity: sha512-8d35hViGYx/QH0icHYCeLmsLmMUheMmTyV9Fcm6gvNwdw31yXXH+O85sOBJ+OLnLQMKZowvpKb6FgMIQjcpvQw==}
    engines: {node: '>=0.11'}
    dev: false

  /diff/4.0.2:
    resolution: {integrity: sha512-58lmxKSA4BNyLz+HHMUzlOEpg09FV+ev6ZMe3vJihgdxzgcwZ8VoEEPmALCZG9LmqfVoNMMKpttIYTVG6uDY7A==}
    engines: {node: '>=0.3.1'}
    dev: true

  /extend/3.0.2:
    resolution: {integrity: sha512-fjquC59cD7CyW6urNXK0FBufkZcoiGG80wTuPujX590cB5Ttln20E2UB4S/WARVqhXffZl2LNgS+gQdPIIim/g==}
    dev: false

  /hast-util-is-element/2.1.2:
    resolution: {integrity: sha512-thjnlGAnwP8ef/GSO1Q8BfVk2gundnc2peGQqEg2kUt/IqesiGg/5mSwN2fE7nLzy61pg88NG6xV+UrGOrx9EA==}
    dependencies:
      '@types/hast': 2.3.4
      '@types/unist': 2.0.6
    dev: false

  /hast-util-parse-selector/2.2.5:
    resolution: {integrity: sha512-7j6mrk/qqkSehsM92wQjdIgWM2/BW61u/53G6xmC8i1OmEdKLHbk419QKQUjz6LglWsfqoiHmyMRkP1BGjecNQ==}
    dev: false

  /hast-util-to-html/8.0.3:
    resolution: {integrity: sha512-/D/E5ymdPYhHpPkuTHOUkSatxr4w1ZKrZsG0Zv/3C2SRVT0JFJG53VS45AMrBtYk0wp5A7ksEhiC8QaOZM95+A==}
    dependencies:
      '@types/hast': 2.3.4
      ccount: 2.0.1
      comma-separated-tokens: 2.0.2
      hast-util-is-element: 2.1.2
      hast-util-whitespace: 2.0.0
      html-void-elements: 2.0.1
      property-information: 6.1.1
      space-separated-tokens: 2.0.1
      stringify-entities: 4.0.2
      unist-util-is: 5.1.1
    dev: false

  /hast-util-whitespace/2.0.0:
    resolution: {integrity: sha512-Pkw+xBHuV6xFeJprJe2BBEoDV+AvQySaz3pPDRUs5PNZEMQjpXJJueqrpcHIXxnWTcAGi/UOCgVShlkY6kLoqg==}
    dev: false

  /hastscript/6.0.0:
    resolution: {integrity: sha512-nDM6bvd7lIqDUiYEiu5Sl/+6ReP0BMk/2f4U/Rooccxkj0P5nm+acM5PrGJ/t5I8qPGiqZSE6hVAwZEdZIvP4w==}
    dependencies:
      '@types/hast': 2.3.4
      comma-separated-tokens: 1.0.8
      hast-util-parse-selector: 2.2.5
      property-information: 5.6.0
      space-separated-tokens: 1.1.5
    dev: false

  /html-void-elements/2.0.1:
    resolution: {integrity: sha512-0quDb7s97CfemeJAnW9wC0hw78MtW7NU3hqtCD75g2vFlDLt36llsYD7uB7SUzojLMP24N5IatXf7ylGXiGG9A==}
    dev: false

  /is-buffer/2.0.5:
    resolution: {integrity: sha512-i2R6zNFDwgEHJyQUtJEk0XFi1i0dPFn/oqjK3/vPCcDeJvW5NQ83V8QbicfF1SupOaB0h8ntgBC2YiE7dfyctQ==}
    engines: {node: '>=4'}
    dev: false

  /is-plain-obj/2.1.0:
    resolution: {integrity: sha512-YWnfyRwxL/+SsrWYfOpUtz5b3YD+nyfkHvjbcanzk8zgyO4ASD67uVMRt8k5bM4lLMDnXfriRhOpemw+NfT1eA==}
    engines: {node: '>=8'}
    dev: false

  /is-plain-obj/4.0.0:
    resolution: {integrity: sha512-NXRbBtUdBioI73y/HmOhogw/U5msYPC9DAtGkJXeFcFWSFZw0mCUsPxk/snTuJHzNKA8kLBK4rH97RMB1BfCXw==}
    engines: {node: '>=12'}
    dev: false

  /make-error/1.3.6:
    resolution: {integrity: sha512-s8UhlNe7vPKomQhC1qFelMokr/Sc3AgNbso3n74mVPA5LTZwkB9NlXf4XPamLxJE8h0gh73rM94xvwRT2CVInw==}
    dev: true

  /orga/3.2.1:
    resolution: {integrity: sha512-809KOqdbdd51ages4Ro/u0gQjcx22bHJ7KBdx0oE2eZUM7gxqxtUon4R5N6AM5/XMXNI6HKM+wM84MfGPRlwpg==}
    dependencies:
      date-fns: 2.28.0
      date-fns-tz: 1.2.2_date-fns@2.28.0
      text-kit: 3.0.2
    dev: false

  /prettier/2.5.1:
    resolution: {integrity: sha512-vBZcPRUR5MZJwoyi3ZoyQlc1rXeEck8KgeC9AwwOn+exuxLxq5toTRDTSaVrXHxelDMHy9zlicw8u66yxoSUFg==}
    engines: {node: '>=10.13.0'}
    hasBin: true
    dev: true

  /property-information/5.6.0:
    resolution: {integrity: sha512-YUHSPk+A30YPv+0Qf8i9Mbfe/C0hdPXk1s1jPVToV8pk8BQtpw10ct89Eo7OWkutrwqvT0eicAxlOg3dOAu8JA==}
    dependencies:
      xtend: 4.0.2
    dev: false

  /property-information/6.1.1:
    resolution: {integrity: sha512-hrzC564QIl0r0vy4l6MvRLhafmUowhO/O3KgVSoXIbbA2Sz4j8HGpJc6T2cubRVwMwpdiG/vKGfhT4IixmKN9w==}
    dev: false

  /rehype-stringify/9.0.3:
    resolution: {integrity: sha512-kWiZ1bgyWlgOxpqD5HnxShKAdXtb2IUljn3hQAhySeak6IOQPPt6DeGnsIh4ixm7yKJWzm8TXFuC/lPfcWHJqw==}
    dependencies:
      '@types/hast': 2.3.4
      hast-util-to-html: 8.0.3
      unified: 10.1.1
    dev: false

  /space-separated-tokens/1.1.5:
    resolution: {integrity: sha512-q/JSVd1Lptzhf5bkYm4ob4iWPjx0KiRe3sRFBNrVqbJkFaBm5vbbowy1mymoPNLRa52+oadOhJ+K49wsSeSjTA==}
    dev: false

  /space-separated-tokens/2.0.1:
    resolution: {integrity: sha512-ekwEbFp5aqSPKaqeY1PGrlGQxPNaq+Cnx4+bE2D8sciBQrHpbwoBbawqTN2+6jPs9IdWxxiUcN0K2pkczD3zmw==}
    dev: false

  /stringify-entities/4.0.2:
    resolution: {integrity: sha512-MTxTVcEkorNtBbNpoFJPEh0kKdM6+QbMjLbaxmvaPMmayOXdr/AIVIIJX7FReUVweRBFJfZepK4A4AKgwuFpMQ==}
    dependencies:
      character-entities-html4: 2.1.0
      character-entities-legacy: 3.0.0
    dev: false

  /text-kit/3.0.2:
    resolution: {integrity: sha512-AmYnfQzORqJi61fxzTZWpIFU/sy1/mPCddy9A8VC/gdqOT3I3y49XeWnHhCLxAIPTNCT4gL0/kb+Gdf6XOa92g==}
    dev: false

  /to-vfile/6.1.0:
    resolution: {integrity: sha512-BxX8EkCxOAZe+D/ToHdDsJcVI4HqQfmw0tCkp31zf3dNP/XWIAjU4CmeuSwsSoOzOTqHPOL0KUzyZqJplkD0Qw==}
    dependencies:
      is-buffer: 2.0.5
      vfile: 4.2.1
    dev: false

  /trough/1.0.5:
    resolution: {integrity: sha512-rvuRbTarPXmMb79SmzEp8aqXNKcK+y0XaB298IXueQ8I2PsrATcPBCSPyK/dDNa2iWOhKlfNnOjdAOTBU/nkFA==}
    dev: false

  /trough/2.0.2:
    resolution: {integrity: sha512-FnHq5sTMxC0sk957wHDzRnemFnNBvt/gSY99HzK8F7UP5WAbvP70yX5bd7CjEQkN+TjdxwI7g7lJ6podqrG2/w==}
    dev: false

  /ts-node/10.5.0_241ff727c41c38f37d2c0695b583de34:
    resolution: {integrity: sha512-6kEJKwVxAJ35W4akuiysfKwKmjkbYxwQMTBaAxo9KKAx/Yd26mPUyhGz3ji+EsJoAgrLqVsYHNuuYwQe22lbtw==}
    hasBin: true
    peerDependencies:
      '@swc/core': '>=1.2.50'
      '@swc/wasm': '>=1.2.50'
      '@types/node': '*'
      typescript: '>=2.7'
    peerDependenciesMeta:
      '@swc/core':
        optional: true
      '@swc/wasm':
        optional: true
    dependencies:
      '@cspotcode/source-map-support': 0.7.0
      '@tsconfig/node10': 1.0.8
      '@tsconfig/node12': 1.0.9
      '@tsconfig/node14': 1.0.1
      '@tsconfig/node16': 1.0.2
      '@types/node': 17.0.17
      acorn: 8.7.0
      acorn-walk: 8.2.0
      arg: 4.1.3
      create-require: 1.1.1
      diff: 4.0.2
      make-error: 1.3.6
      typescript: 4.5.5
      v8-compile-cache-lib: 3.0.0
      yn: 3.1.1
    dev: true

  /typescript/4.5.5:
    resolution: {integrity: sha512-TCTIul70LyWe6IJWT8QSYeA54WQe8EjQFU4wY52Fasj5UKx88LNYKCgBEHcOMOrFF1rKGbD8v/xcNWVUq9SymA==}
    engines: {node: '>=4.2.0'}
    hasBin: true
    dev: true

  /unified/10.1.1:
    resolution: {integrity: sha512-v4ky1+6BN9X3pQrOdkFIPWAaeDsHPE1svRDxq7YpTc2plkIqFMwukfqM+l0ewpP9EfwARlt9pPFAeWYhHm8X9w==}
    dependencies:
      '@types/unist': 2.0.6
      bail: 2.0.2
      extend: 3.0.2
      is-buffer: 2.0.5
      is-plain-obj: 4.0.0
      trough: 2.0.2
      vfile: 5.3.0
    dev: false

  /unified/9.2.2:
    resolution: {integrity: sha512-Sg7j110mtefBD+qunSLO1lqOEKdrwBFBrR6Qd8f4uwkhWNlbkaqwHse6e7QvD3AP/MNoJdEDLaf8OxYyoWgorQ==}
    dependencies:
      bail: 1.0.5
      extend: 3.0.2
      is-buffer: 2.0.5
      is-plain-obj: 2.1.0
      trough: 1.0.5
      vfile: 4.2.1
    dev: false

  /uniorg-extract-keywords/0.4.5:
    resolution: {integrity: sha512-OaPt56V7HF+QMw6WZOR9MkrFLtN8MelY7ocn9BxoGYvsgyKu/5z1cYwF1W7+TsLiGxP8J6ysT/3fyAORAesdMA==}
    dependencies:
      unist-util-visit: 2.0.3
    dev: false

  /uniorg-parse/0.4.5:
    resolution: {integrity: sha512-fh4xnejQVmTKISgECG7MkQKo8k7alsAXRK8EK781d9QhTRXNgq10eM9GXIn/sqzJ9udqYf2FeLJ/TsV44fPZbQ==}
    dependencies:
      unist-builder: 2.0.3
      vfile: 4.2.1
      vfile-location: 3.2.0
    dev: false

  /uniorg-rehype/0.4.8:
    resolution: {integrity: sha512-DXOdP8LjdhI0NPIzu3N7qPO7MlIK/Oxr4HVL+tPsCjN6rLNHMNEVx8c9ehUQMxZFnN0scK7GXU0MneHz4r8wiQ==}
    dependencies:
      hastscript: 6.0.0
      unist-builder: 2.0.3
    dev: false

  /uniorg/0.4.0:
    resolution: {integrity: sha512-J2Qf7ZYo8AHovMiYfdL1Uqr1HMthEMFIS7C3/7LsTQAuohnzwzC57bT+8c5zu0AOSPPhf6EvL76uNqQ11k4rqQ==}
    dev: false

  /unist-builder/2.0.3:
    resolution: {integrity: sha512-f98yt5pnlMWlzP539tPc4grGMsFaQQlP/vM396b00jngsiINumNmsY8rkXjfoi1c6QaM8nQ3vaGDuoKWbe/1Uw==}
    dev: false

  /unist-util-is/4.1.0:
    resolution: {integrity: sha512-ZOQSsnce92GrxSqlnEEseX0gi7GH9zTJZ0p9dtu87WRb/37mMPO2Ilx1s/t9vBHrFhbgweUwb+t7cIn5dxPhZg==}
    dev: false

  /unist-util-is/5.1.1:
    resolution: {integrity: sha512-F5CZ68eYzuSvJjGhCLPL3cYx45IxkqXSetCcRgUXtbcm50X2L9oOWQlfUfDdAf+6Pd27YDblBfdtmsThXmwpbQ==}
    dev: false

  /unist-util-stringify-position/2.0.3:
    resolution: {integrity: sha512-3faScn5I+hy9VleOq/qNbAd6pAx7iH5jYBMS9I1HgQVijz/4mv5Bvw5iw1sC/90CODiKo81G/ps8AJrISn687g==}
    dependencies:
      '@types/unist': 2.0.6
    dev: false

  /unist-util-stringify-position/3.0.0:
    resolution: {integrity: sha512-SdfAl8fsDclywZpfMDTVDxA2V7LjtRDTOFd44wUJamgl6OlVngsqWjxvermMYf60elWHbxhuRCZml7AnuXCaSA==}
    dependencies:
      '@types/unist': 2.0.6
    dev: false

  /unist-util-visit-parents/3.1.1:
    resolution: {integrity: sha512-1KROIZWo6bcMrZEwiH2UrXDyalAa0uqzWCxCJj6lPOvTve2WkfgCytoDTPaMnodXh1WrXOq0haVYHj99ynJlsg==}
    dependencies:
      '@types/unist': 2.0.6
      unist-util-is: 4.1.0
    dev: false

  /unist-util-visit/2.0.3:
    resolution: {integrity: sha512-iJ4/RczbJMkD0712mGktuGpm/U4By4FfDonL7N/9tATGIF4imikjOuagyMY53tnZq3NP6BcmlrHhEKAfGWjh7Q==}
    dependencies:
      '@types/unist': 2.0.6
      unist-util-is: 4.1.0
      unist-util-visit-parents: 3.1.1
    dev: false

  /v8-compile-cache-lib/3.0.0:
    resolution: {integrity: sha512-mpSYqfsFvASnSn5qMiwrr4VKfumbPyONLCOPmsR3A6pTY/r0+tSaVbgPWSAIuzbk3lCTa+FForeTiO+wBQGkjA==}
    dev: true

  /vfile-location/3.2.0:
    resolution: {integrity: sha512-aLEIZKv/oxuCDZ8lkJGhuhztf/BW4M+iHdCwglA/eWc+vtuRFJj8EtgceYFX4LRjOhCAAiNHsKGssC6onJ+jbA==}
    dev: false

  /vfile-message/2.0.4:
    resolution: {integrity: sha512-DjssxRGkMvifUOJre00juHoP9DPWuzjxKuMDrhNbk2TdaYYBNMStsNhEOt3idrtI12VQYM/1+iM0KOzXi4pxwQ==}
    dependencies:
      '@types/unist': 2.0.6
      unist-util-stringify-position: 2.0.3
    dev: false

  /vfile-message/3.1.0:
    resolution: {integrity: sha512-4QJbBk+DkPEhBXq3f260xSaWtjE4gPKOfulzfMFF8ZNwaPZieWsg3iVlcmF04+eebzpcpeXOOFMfrYzJHVYg+g==}
    dependencies:
      '@types/unist': 2.0.6
      unist-util-stringify-position: 3.0.0
    dev: false

  /vfile/4.2.1:
    resolution: {integrity: sha512-O6AE4OskCG5S1emQ/4gl8zK586RqA3srz3nfK/Viy0UPToBc5Trp9BVFb1u0CjsKrAWwnpr4ifM/KBXPWwJbCA==}
    dependencies:
      '@types/unist': 2.0.6
      is-buffer: 2.0.5
      unist-util-stringify-position: 2.0.3
      vfile-message: 2.0.4
    dev: false

  /vfile/5.3.0:
    resolution: {integrity: sha512-Tj44nY/48OQvarrE4FAjUfrv7GZOYzPbl5OD65HxVKwLJKMPU7zmfV8cCgCnzKWnSfYG2f3pxu+ALqs7j22xQQ==}
    dependencies:
      '@types/unist': 2.0.6
      is-buffer: 2.0.5
      unist-util-stringify-position: 3.0.0
      vfile-message: 3.1.0
    dev: false

  /xtend/4.0.2:
    resolution: {integrity: sha512-LKYU1iAXJXUgAXn9URjiu+MWhyUXHsvfp7mcuYm9dSUKK0/CjtrUwFAxD82/mCWbtLsGjFIad0wIsod4zrTAEQ==}
    engines: {node: '>=0.4'}
    dev: false

  /yn/3.1.1:
    resolution: {integrity: sha512-Ux4ygGWsu2c7isFWe8Yu1YluJmqVhxqK2cLXNQA5AcC3QfbGNpM7fu0Y8b/z16pXLnFxZYvWhd3fhBY9DLmC6Q==}
    engines: {node: '>=6'}
    dev: true
