# THIS IS AN AUTOGENERATED FILE. DO NOT EDIT THIS FILE DIRECTLY.
# yarn lockfile v1


"@types/hast@^2.0.0":
  version "2.3.4"
  resolved "https://registry.yarnpkg.com/@types/hast/-/hast-2.3.4.tgz#8aa5ef92c117d20d974a82bdfb6a648b08c0bafc"
  integrity sha512-wLEm0QvaoawEDoTRwzTXp4b4jpwiJDvR5KMnFnVodm3scufTlBOWRD6N1OBf9TZMhjlNsSfcO5V+7AF4+Vy+9g==
  dependencies:
    "@types/unist" "*"

"@types/unist@*", "@types/unist@^2.0.0", "@types/unist@^2.0.2":
  version "2.0.6"
  resolved "https://registry.npmjs.org/@types/unist/-/unist-2.0.6.tgz"
  integrity sha512-PBjIUxZHOuj0R15/xuwJYjFi+KZdNFrehocChv4g5hu6aFroHue8m0lBP0POdK2nKzbw0cgV1mws8+V/JAcEkQ==

bail@^1.0.0:
  version "1.0.5"
  resolved "https://registry.npmjs.org/bail/-/bail-1.0.5.tgz"
  integrity sha512-xFbRxM1tahm08yHBP16MMjVUAvDaBMD38zsM9EMAUN61omwLmKlOpB/Zku5QkjZ8TZ4vn53pj+t518cH0S03RQ==

bail@^2.0.0:
  version "2.0.2"
  resolved "https://registry.yarnpkg.com/bail/-/bail-2.0.2.tgz#d26f5cd8fe5d6f832a31517b9f7c356040ba6d5d"
  integrity sha512-0xO6mYd7JB2YesxDKplafRpsiOzPt9V02ddPCLbY1xYGPOX24NTyN50qnUxgCPcSoYMhKpAuBTjQoRZCAkUDRw==

ccount@^2.0.0:
  version "2.0.1"
  resolved "https://registry.yarnpkg.com/ccount/-/ccount-2.0.1.tgz#17a3bf82302e0870d6da43a01311a8bc02a3ecf5"
  integrity sha512-eyrF0jiFpY+3drT6383f1qhkbGsLSifNAjA61IUjZjmLCWjItY6LB9ft9YhoDgwfmclB2zhu51Lc7+95b8NRAg==

character-entities-html4@^2.0.0:
  version "2.1.0"
  resolved "https://registry.yarnpkg.com/character-entities-html4/-/character-entities-html4-2.1.0.tgz#1f1adb940c971a4b22ba39ddca6b618dc6e56b2b"
  integrity sha512-1v7fgQRj6hnSwFpq1Eu0ynr/CDEw0rXo2B61qXrLNdHZmPKgb7fqS1a2JwF0rISo9q77jDI8VMEHoApn8qDoZA==

character-entities-legacy@^3.0.0:
  version "3.0.0"
  resolved "https://registry.yarnpkg.com/character-entities-legacy/-/character-entities-legacy-3.0.0.tgz#76bc83a90738901d7bc223a9e93759fdd560125b"
  integrity sha512-RpPp0asT/6ufRm//AJVwpViZbGM/MkjQFxJccQRHmISF/22NBtsHqAWmL+/pmkPWoIUJdWyeVleTl1wydHATVQ==

comma-separated-tokens@^1.0.0:
  version "1.0.8"
  resolved "https://registry.yarnpkg.com/comma-separated-tokens/-/comma-separated-tokens-1.0.8.tgz#632b80b6117867a158f1080ad498b2fbe7e3f5ea"
  integrity sha512-GHuDRO12Sypu2cV70d1dkA2EUmXHgntrzbpvOB+Qy+49ypNfGgFQIC2fhhXbnyrJRynDCAARsT7Ou0M6hirpfw==

comma-separated-tokens@^2.0.0:
  version "2.0.2"
  resolved "https://registry.yarnpkg.com/comma-separated-tokens/-/comma-separated-tokens-2.0.2.tgz#d4c25abb679b7751c880be623c1179780fe1dd98"
  integrity sha512-G5yTt3KQN4Yn7Yk4ed73hlZ1evrFKXeUW3086p3PRFNp7m2vIjI6Pg+Kgb+oyzhd9F2qdcoj67+y3SdxL5XWsg==

date-fns-tz@^1.1.4:
  version "1.2.2"
  resolved "https://registry.npmjs.org/date-fns-tz/-/date-fns-tz-1.2.2.tgz"
  integrity sha512-vWtn44eEqnLbkACb7T5G5gPgKR4nY8NkNMOCyoY49NsRGHrcDmY2aysCyzDeA+u+vcDBn/w6nQqEDyouRs4m8w==

date-fns@^2.22.1:
  version "2.28.0"
  resolved "https://registry.npmjs.org/date-fns/-/date-fns-2.28.0.tgz"
  integrity sha512-8d35hViGYx/QH0icHYCeLmsLmMUheMmTyV9Fcm6gvNwdw31yXXH+O85sOBJ+OLnLQMKZowvpKb6FgMIQjcpvQw==

extend@^3.0.0:
  version "3.0.2"
  resolved "https://registry.npmjs.org/extend/-/extend-3.0.2.tgz"
  integrity sha512-fjquC59cD7CyW6urNXK0FBufkZcoiGG80wTuPujX590cB5Ttln20E2UB4S/WARVqhXffZl2LNgS+gQdPIIim/g==

hast-util-is-element@^2.0.0:
  version "2.1.2"
  resolved "https://registry.yarnpkg.com/hast-util-is-element/-/hast-util-is-element-2.1.2.tgz#fc0b0dc7cef3895e839b8d66979d57b0338c68f3"
  integrity sha512-thjnlGAnwP8ef/GSO1Q8BfVk2gundnc2peGQqEg2kUt/IqesiGg/5mSwN2fE7nLzy61pg88NG6xV+UrGOrx9EA==
  dependencies:
    "@types/hast" "^2.0.0"
    "@types/unist" "^2.0.0"

hast-util-parse-selector@^2.0.0:
  version "2.2.5"
  resolved "https://registry.yarnpkg.com/hast-util-parse-selector/-/hast-util-parse-selector-2.2.5.tgz#d57c23f4da16ae3c63b3b6ca4616683313499c3a"
  integrity sha512-7j6mrk/qqkSehsM92wQjdIgWM2/BW61u/53G6xmC8i1OmEdKLHbk419QKQUjz6LglWsfqoiHmyMRkP1BGjecNQ==

hast-util-to-html@^8.0.0:
  version "8.0.3"
  resolved "https://registry.yarnpkg.com/hast-util-to-html/-/hast-util-to-html-8.0.3.tgz#4e37580872e143ea9ce0dba87918b19e4ea997e3"
  integrity sha512-/D/E5ymdPYhHpPkuTHOUkSatxr4w1ZKrZsG0Zv/3C2SRVT0JFJG53VS45AMrBtYk0wp5A7ksEhiC8QaOZM95+A==
  dependencies:
    "@types/hast" "^2.0.0"
    ccount "^2.0.0"
    comma-separated-tokens "^2.0.0"
    hast-util-is-element "^2.0.0"
    hast-util-whitespace "^2.0.0"
    html-void-elements "^2.0.0"
    property-information "^6.0.0"
    space-separated-tokens "^2.0.0"
    stringify-entities "^4.0.2"
    unist-util-is "^5.0.0"

hast-util-whitespace@^2.0.0:
  version "2.0.0"
  resolved "https://registry.yarnpkg.com/hast-util-whitespace/-/hast-util-whitespace-2.0.0.tgz#4fc1086467cc1ef5ba20673cb6b03cec3a970f1c"
  integrity sha512-Pkw+xBHuV6xFeJprJe2BBEoDV+AvQySaz3pPDRUs5PNZEMQjpXJJueqrpcHIXxnWTcAGi/UOCgVShlkY6kLoqg==

hastscript@^6.0.0:
  version "6.0.0"
  resolved "https://registry.yarnpkg.com/hastscript/-/hastscript-6.0.0.tgz#e8768d7eac56c3fdeac8a92830d58e811e5bf640"
  integrity sha512-nDM6bvd7lIqDUiYEiu5Sl/+6ReP0BMk/2f4U/Rooccxkj0P5nm+acM5PrGJ/t5I8qPGiqZSE6hVAwZEdZIvP4w==
  dependencies:
    "@types/hast" "^2.0.0"
    comma-separated-tokens "^1.0.0"
    hast-util-parse-selector "^2.0.0"
    property-information "^5.0.0"
    space-separated-tokens "^1.0.0"

html-void-elements@^2.0.0:
  version "2.0.1"
  resolved "https://registry.yarnpkg.com/html-void-elements/-/html-void-elements-2.0.1.tgz#29459b8b05c200b6c5ee98743c41b979d577549f"
  integrity sha512-0quDb7s97CfemeJAnW9wC0hw78MtW7NU3hqtCD75g2vFlDLt36llsYD7uB7SUzojLMP24N5IatXf7ylGXiGG9A==

is-buffer@^2.0.0:
  version "2.0.5"
  resolved "https://registry.npmjs.org/is-buffer/-/is-buffer-2.0.5.tgz"
  integrity sha512-i2R6zNFDwgEHJyQUtJEk0XFi1i0dPFn/oqjK3/vPCcDeJvW5NQ83V8QbicfF1SupOaB0h8ntgBC2YiE7dfyctQ==

is-plain-obj@^2.0.0:
  version "2.1.0"
  resolved "https://registry.npmjs.org/is-plain-obj/-/is-plain-obj-2.1.0.tgz"
  integrity sha512-YWnfyRwxL/+SsrWYfOpUtz5b3YD+nyfkHvjbcanzk8zgyO4ASD67uVMRt8k5bM4lLMDnXfriRhOpemw+NfT1eA==

is-plain-obj@^4.0.0:
  version "4.0.0"
  resolved "https://registry.yarnpkg.com/is-plain-obj/-/is-plain-obj-4.0.0.tgz#06c0999fd7574edf5a906ba5644ad0feb3a84d22"
  integrity sha512-NXRbBtUdBioI73y/HmOhogw/U5msYPC9DAtGkJXeFcFWSFZw0mCUsPxk/snTuJHzNKA8kLBK4rH97RMB1BfCXw==

orga@^3.2.1:
  version "3.2.1"
  resolved "https://registry.npmjs.org/orga/-/orga-3.2.1.tgz"
  integrity sha512-809KOqdbdd51ages4Ro/u0gQjcx22bHJ7KBdx0oE2eZUM7gxqxtUon4R5N6AM5/XMXNI6HKM+wM84MfGPRlwpg==
  dependencies:
    date-fns "^2.22.1"
    date-fns-tz "^1.1.4"
    text-kit "3.0.2"

property-information@^5.0.0:
  version "5.6.0"
  resolved "https://registry.yarnpkg.com/property-information/-/property-information-5.6.0.tgz#61675545fb23002f245c6540ec46077d4da3ed69"
  integrity sha512-YUHSPk+A30YPv+0Qf8i9Mbfe/C0hdPXk1s1jPVToV8pk8BQtpw10ct89Eo7OWkutrwqvT0eicAxlOg3dOAu8JA==
  dependencies:
    xtend "^4.0.0"

property-information@^6.0.0:
  version "6.1.1"
  resolved "https://registry.yarnpkg.com/property-information/-/property-information-6.1.1.tgz#5ca85510a3019726cb9afed4197b7b8ac5926a22"
  integrity sha512-hrzC564QIl0r0vy4l6MvRLhafmUowhO/O3KgVSoXIbbA2Sz4j8HGpJc6T2cubRVwMwpdiG/vKGfhT4IixmKN9w==

rehype-stringify@^9.0.3:
  version "9.0.3"
  resolved "https://registry.yarnpkg.com/rehype-stringify/-/rehype-stringify-9.0.3.tgz#70e3bd6d4d29e7acf36b802deed350305d2c3c17"
  integrity sha512-kWiZ1bgyWlgOxpqD5HnxShKAdXtb2IUljn3hQAhySeak6IOQPPt6DeGnsIh4ixm7yKJWzm8TXFuC/lPfcWHJqw==
  dependencies:
    "@types/hast" "^2.0.0"
    hast-util-to-html "^8.0.0"
    unified "^10.0.0"

space-separated-tokens@^1.0.0:
  version "1.1.5"
  resolved "https://registry.yarnpkg.com/space-separated-tokens/-/space-separated-tokens-1.1.5.tgz#85f32c3d10d9682007e917414ddc5c26d1aa6899"
  integrity sha512-q/JSVd1Lptzhf5bkYm4ob4iWPjx0KiRe3sRFBNrVqbJkFaBm5vbbowy1mymoPNLRa52+oadOhJ+K49wsSeSjTA==

space-separated-tokens@^2.0.0:
  version "2.0.1"
  resolved "https://registry.yarnpkg.com/space-separated-tokens/-/space-separated-tokens-2.0.1.tgz#43193cec4fb858a2ce934b7f98b7f2c18107098b"
  integrity sha512-ekwEbFp5aqSPKaqeY1PGrlGQxPNaq+Cnx4+bE2D8sciBQrHpbwoBbawqTN2+6jPs9IdWxxiUcN0K2pkczD3zmw==

stringify-entities@^4.0.2:
  version "4.0.2"
  resolved "https://registry.yarnpkg.com/stringify-entities/-/stringify-entities-4.0.2.tgz#13d113dc7449dc8ae4cb22c28883ee3fff8753e3"
  integrity sha512-MTxTVcEkorNtBbNpoFJPEh0kKdM6+QbMjLbaxmvaPMmayOXdr/AIVIIJX7FReUVweRBFJfZepK4A4AKgwuFpMQ==
  dependencies:
    character-entities-html4 "^2.0.0"
    character-entities-legacy "^3.0.0"

text-kit@3.0.2:
  version "3.0.2"
  resolved "https://registry.npmjs.org/text-kit/-/text-kit-3.0.2.tgz"
  integrity sha512-AmYnfQzORqJi61fxzTZWpIFU/sy1/mPCddy9A8VC/gdqOT3I3y49XeWnHhCLxAIPTNCT4gL0/kb+Gdf6XOa92g==

to-vfile@^7.2.3:
  version "7.2.3"
  resolved "https://registry.yarnpkg.com/to-vfile/-/to-vfile-7.2.3.tgz#4e54ad10878901703f1a956a33ba4f131c31eef7"
  integrity sha512-QO0A9aE6Z/YkmQadJ0syxpmNXtcQiu0qAtCKYKD5cS3EfgfFTAXfgLX6AOaBrSfWSek5nfsMf3gBZ9KGVFcLuw==
  dependencies:
    is-buffer "^2.0.0"
    vfile "^5.1.0"

trough@^1.0.0:
  version "1.0.5"
  resolved "https://registry.npmjs.org/trough/-/trough-1.0.5.tgz"
  integrity sha512-rvuRbTarPXmMb79SmzEp8aqXNKcK+y0XaB298IXueQ8I2PsrATcPBCSPyK/dDNa2iWOhKlfNnOjdAOTBU/nkFA==

trough@^2.0.0:
  version "2.0.2"
  resolved "https://registry.yarnpkg.com/trough/-/trough-2.0.2.tgz#94a3aa9d5ce379fc561f6244905b3f36b7458d96"
  integrity sha512-FnHq5sTMxC0sk957wHDzRnemFnNBvt/gSY99HzK8F7UP5WAbvP70yX5bd7CjEQkN+TjdxwI7g7lJ6podqrG2/w==

unified@^10.0.0:
  version "10.1.1"
  resolved "https://registry.yarnpkg.com/unified/-/unified-10.1.1.tgz#345e349e3ab353ab612878338eb9d57b4dea1d46"
  integrity sha512-v4ky1+6BN9X3pQrOdkFIPWAaeDsHPE1svRDxq7YpTc2plkIqFMwukfqM+l0ewpP9EfwARlt9pPFAeWYhHm8X9w==
  dependencies:
    "@types/unist" "^2.0.0"
    bail "^2.0.0"
    extend "^3.0.0"
    is-buffer "^2.0.0"
    is-plain-obj "^4.0.0"
    trough "^2.0.0"
    vfile "^5.0.0"

unified@^9.2.2:
  version "9.2.2"
  resolved "https://registry.npmjs.org/unified/-/unified-9.2.2.tgz"
  integrity sha512-Sg7j110mtefBD+qunSLO1lqOEKdrwBFBrR6Qd8f4uwkhWNlbkaqwHse6e7QvD3AP/MNoJdEDLaf8OxYyoWgorQ==
  dependencies:
    bail "^1.0.0"
    extend "^3.0.0"
    is-buffer "^2.0.0"
    is-plain-obj "^2.0.0"
    trough "^1.0.0"
    vfile "^4.0.0"

uniorg-extract-keywords@^0.4.5:
  version "0.4.5"
  resolved "https://registry.yarnpkg.com/uniorg-extract-keywords/-/uniorg-extract-keywords-0.4.5.tgz#366d38c6330971b77f298f1bd16363bd3e5847b7"
  integrity sha512-OaPt56V7HF+QMw6WZOR9MkrFLtN8MelY7ocn9BxoGYvsgyKu/5z1cYwF1W7+TsLiGxP8J6ysT/3fyAORAesdMA==
  dependencies:
    unist-util-visit "^2.0.3"

uniorg-parse@^0.4.5:
  version "0.4.5"
  resolved "https://registry.npmjs.org/uniorg-parse/-/uniorg-parse-0.4.5.tgz"
  integrity sha512-fh4xnejQVmTKISgECG7MkQKo8k7alsAXRK8EK781d9QhTRXNgq10eM9GXIn/sqzJ9udqYf2FeLJ/TsV44fPZbQ==
  dependencies:
    unist-builder "^2.0.3"
    vfile "^4.2.1"
    vfile-location "^3.2.0"

uniorg-rehype@^0.4.8:
  version "0.4.8"
  resolved "https://registry.yarnpkg.com/uniorg-rehype/-/uniorg-rehype-0.4.8.tgz#217b61c6d60bd71ee7d065df3b77dea14a11c2a5"
  integrity sha512-DXOdP8LjdhI0NPIzu3N7qPO7MlIK/Oxr4HVL+tPsCjN6rLNHMNEVx8c9ehUQMxZFnN0scK7GXU0MneHz4r8wiQ==
  dependencies:
    hastscript "^6.0.0"
    unist-builder "^2.0.3"

unist-builder@^2.0.3:
  version "2.0.3"
  resolved "https://registry.npmjs.org/unist-builder/-/unist-builder-2.0.3.tgz"
  integrity sha512-f98yt5pnlMWlzP539tPc4grGMsFaQQlP/vM396b00jngsiINumNmsY8rkXjfoi1c6QaM8nQ3vaGDuoKWbe/1Uw==

unist-util-is@^4.0.0:
  version "4.1.0"
  resolved "https://registry.yarnpkg.com/unist-util-is/-/unist-util-is-4.1.0.tgz#976e5f462a7a5de73d94b706bac1b90671b57797"
  integrity sha512-ZOQSsnce92GrxSqlnEEseX0gi7GH9zTJZ0p9dtu87WRb/37mMPO2Ilx1s/t9vBHrFhbgweUwb+t7cIn5dxPhZg==

unist-util-is@^5.0.0:
  version "5.1.1"
  resolved "https://registry.yarnpkg.com/unist-util-is/-/unist-util-is-5.1.1.tgz#e8aece0b102fa9bc097b0fef8f870c496d4a6236"
  integrity sha512-F5CZ68eYzuSvJjGhCLPL3cYx45IxkqXSetCcRgUXtbcm50X2L9oOWQlfUfDdAf+6Pd27YDblBfdtmsThXmwpbQ==

unist-util-stringify-position@^2.0.0:
  version "2.0.3"
  resolved "https://registry.npmjs.org/unist-util-stringify-position/-/unist-util-stringify-position-2.0.3.tgz"
  integrity sha512-3faScn5I+hy9VleOq/qNbAd6pAx7iH5jYBMS9I1HgQVijz/4mv5Bvw5iw1sC/90CODiKo81G/ps8AJrISn687g==
  dependencies:
    "@types/unist" "^2.0.2"

unist-util-stringify-position@^3.0.0:
  version "3.0.0"
  resolved "https://registry.yarnpkg.com/unist-util-stringify-position/-/unist-util-stringify-position-3.0.0.tgz#d517d2883d74d0daa0b565adc3d10a02b4a8cde9"
  integrity sha512-SdfAl8fsDclywZpfMDTVDxA2V7LjtRDTOFd44wUJamgl6OlVngsqWjxvermMYf60elWHbxhuRCZml7AnuXCaSA==
  dependencies:
    "@types/unist" "^2.0.0"

unist-util-visit-parents@^3.0.0:
  version "3.1.1"
  resolved "https://registry.yarnpkg.com/unist-util-visit-parents/-/unist-util-visit-parents-3.1.1.tgz#65a6ce698f78a6b0f56aa0e88f13801886cdaef6"
  integrity sha512-1KROIZWo6bcMrZEwiH2UrXDyalAa0uqzWCxCJj6lPOvTve2WkfgCytoDTPaMnodXh1WrXOq0haVYHj99ynJlsg==
  dependencies:
    "@types/unist" "^2.0.0"
    unist-util-is "^4.0.0"

unist-util-visit@^2.0.3:
  version "2.0.3"
  resolved "https://registry.yarnpkg.com/unist-util-visit/-/unist-util-visit-2.0.3.tgz#c3703893146df47203bb8a9795af47d7b971208c"
  integrity sha512-iJ4/RczbJMkD0712mGktuGpm/U4By4FfDonL7N/9tATGIF4imikjOuagyMY53tnZq3NP6BcmlrHhEKAfGWjh7Q==
  dependencies:
    "@types/unist" "^2.0.0"
    unist-util-is "^4.0.0"
    unist-util-visit-parents "^3.0.0"

vfile-location@^3.2.0:
  version "3.2.0"
  resolved "https://registry.npmjs.org/vfile-location/-/vfile-location-3.2.0.tgz"
  integrity sha512-aLEIZKv/oxuCDZ8lkJGhuhztf/BW4M+iHdCwglA/eWc+vtuRFJj8EtgceYFX4LRjOhCAAiNHsKGssC6onJ+jbA==

vfile-message@^2.0.0:
  version "2.0.4"
  resolved "https://registry.npmjs.org/vfile-message/-/vfile-message-2.0.4.tgz"
  integrity sha512-DjssxRGkMvifUOJre00juHoP9DPWuzjxKuMDrhNbk2TdaYYBNMStsNhEOt3idrtI12VQYM/1+iM0KOzXi4pxwQ==
  dependencies:
    "@types/unist" "^2.0.0"
    unist-util-stringify-position "^2.0.0"

vfile-message@^3.0.0:
  version "3.1.0"
  resolved "https://registry.yarnpkg.com/vfile-message/-/vfile-message-3.1.0.tgz#5437035aa43185ff4b9210d32fada6c640e59143"
  integrity sha512-4QJbBk+DkPEhBXq3f260xSaWtjE4gPKOfulzfMFF8ZNwaPZieWsg3iVlcmF04+eebzpcpeXOOFMfrYzJHVYg+g==
  dependencies:
    "@types/unist" "^2.0.0"
    unist-util-stringify-position "^3.0.0"

vfile@^4.0.0, vfile@^4.2.1:
  version "4.2.1"
  resolved "https://registry.npmjs.org/vfile/-/vfile-4.2.1.tgz"
  integrity sha512-O6AE4OskCG5S1emQ/4gl8zK586RqA3srz3nfK/Viy0UPToBc5Trp9BVFb1u0CjsKrAWwnpr4ifM/KBXPWwJbCA==
  dependencies:
    "@types/unist" "^2.0.0"
    is-buffer "^2.0.0"
    unist-util-stringify-position "^2.0.0"
    vfile-message "^2.0.0"

vfile@^5.0.0, vfile@^5.1.0:
  version "5.3.0"
  resolved "https://registry.yarnpkg.com/vfile/-/vfile-5.3.0.tgz#4990c78cb3157005590ee8c930b71cd7fa6a006e"
  integrity sha512-Tj44nY/48OQvarrE4FAjUfrv7GZOYzPbl5OD65HxVKwLJKMPU7zmfV8cCgCnzKWnSfYG2f3pxu+ALqs7j22xQQ==
  dependencies:
    "@types/unist" "^2.0.0"
    is-buffer "^2.0.0"
    unist-util-stringify-position "^3.0.0"
    vfile-message "^3.0.0"

xtend@^4.0.0:
  version "4.0.2"
  resolved "https://registry.yarnpkg.com/xtend/-/xtend-4.0.2.tgz#bb72779f5fa465186b1f438f674fa347fdb5db54"
  integrity sha512-LKYU1iAXJXUgAXn9URjiu+MWhyUXHsvfp7mcuYm9dSUKK0/CjtrUwFAxD82/mCWbtLsGjFIad0wIsod4zrTAEQ==
